// !$*UTF8*$!
{
	archiveVersion = 1;
	classes = {
	};
	objectVersion = 46;
	objects = {

/* Begin PBXBuildFile section */
		43B4A88EF6E143EE870D4248 /* libPods-SampleProject.a in Frameworks */ = {isa = PBXBuildFile; fileRef = 3CF682E47ABC41A4A397C7A4 /* libPods-SampleProject.a */; };
		6ECC3E881936CB16002BFEED /* Foundation.framework in Frameworks */ = {isa = PBXBuildFile; fileRef = 6ECC3E871936CB16002BFEED /* Foundation.framework */; };
		6ECC3E8A1936CB16002BFEED /* CoreGraphics.framework in Frameworks */ = {isa = PBXBuildFile; fileRef = 6ECC3E891936CB16002BFEED /* CoreGraphics.framework */; };
		6ECC3E8C1936CB16002BFEED /* UIKit.framework in Frameworks */ = {isa = PBXBuildFile; fileRef = 6ECC3E8B1936CB16002BFEED /* UIKit.framework */; };
		6ECC3E921936CB16002BFEED /* InfoPlist.strings in Resources */ = {isa = PBXBuildFile; fileRef = 6ECC3E901936CB16002BFEED /* InfoPlist.strings */; };
		6ECC3E941936CB16002BFEED /* main.m in Sources */ = {isa = PBXBuildFile; fileRef = 6ECC3E931936CB16002BFEED /* main.m */; };
		6ECC3E981936CB16002BFEED /* KSPAppDelegate.m in Sources */ = {isa = PBXBuildFile; fileRef = 6ECC3E971936CB16002BFEED /* KSPAppDelegate.m */; };
		6ECC3E9B1936CB16002BFEED /* Main.storyboard in Resources */ = {isa = PBXBuildFile; fileRef = 6ECC3E991936CB16002BFEED /* Main.storyboard */; };
		6ECC3EA01936CB16002BFEED /* Images.xcassets in Resources */ = {isa = PBXBuildFile; fileRef = 6ECC3E9F1936CB16002BFEED /* Images.xcassets */; };
		6ECC3EA71936CB16002BFEED /* XCTest.framework in Frameworks */ = {isa = PBXBuildFile; fileRef = 6ECC3EA61936CB16002BFEED /* XCTest.framework */; };
		6ECC3EA81936CB16002BFEED /* Foundation.framework in Frameworks */ = {isa = PBXBuildFile; fileRef = 6ECC3E871936CB16002BFEED /* Foundation.framework */; };
		6ECC3EA91936CB16002BFEED /* UIKit.framework in Frameworks */ = {isa = PBXBuildFile; fileRef = 6ECC3E8B1936CB16002BFEED /* UIKit.framework */; };
		6ECC3EB11936CB16002BFEED /* InfoPlist.strings in Resources */ = {isa = PBXBuildFile; fileRef = 6ECC3EAF1936CB16002BFEED /* InfoPlist.strings */; };
		6ECC3EB31936CB16002BFEED /* SampleProjectTests.m in Sources */ = {isa = PBXBuildFile; fileRef = 6ECC3EB21936CB16002BFEED /* SampleProjectTests.m */; };
		6ECC3EBE1936CB54002BFEED /* KSPTableViewController.m in Sources */ = {isa = PBXBuildFile; fileRef = 6ECC3EBD1936CB54002BFEED /* KSPTableViewController.m */; };
		6ECC3EC01936CBB9002BFEED /* KSPHeaderView.xib in Resources */ = {isa = PBXBuildFile; fileRef = 6ECC3EBF1936CBB9002BFEED /* KSPHeaderView.xib */; };
		6ECC3EC21936CC4D002BFEED /* deploygate_logo.png in Resources */ = {isa = PBXBuildFile; fileRef = 6ECC3EC11936CC4D002BFEED /* deploygate_logo.png */; };
/* End PBXBuildFile section */

/* Begin PBXContainerItemProxy section */
		6ECC3EAA1936CB16002BFEED /* PBXContainerItemProxy */ = {
			isa = PBXContainerItemProxy;
			containerPortal = 6ECC3E7C1936CB16002BFEED /* Project object */;
			proxyType = 1;
			remoteGlobalIDString = 6ECC3E831936CB16002BFEED;
			remoteInfo = SampleProject;
		};
/* End PBXContainerItemProxy section */

/* Begin PBXFileReference section */
		3CF682E47ABC41A4A397C7A4 /* libPods-SampleProject.a */ = {isa = PBXFileReference; explicitFileType = archive.ar; includeInIndex = 0; path = "libPods-SampleProject.a"; sourceTree = BUILT_PRODUCTS_DIR; };
		5F085D7963694E589C18F468 /* Pods-SampleProject.xcconfig */ = {isa = PBXFileReference; includeInIndex = 1; lastKnownFileType = text.xcconfig; name = "Pods-SampleProject.xcconfig"; path = "Pods/Pods-SampleProject.xcconfig"; sourceTree = "<group>"; };
		6ECC3E841936CB16002BFEED /* SampleProject.app */ = {isa = PBXFileReference; explicitFileType = wrapper.application; includeInIndex = 0; path = SampleProject.app; sourceTree = BUILT_PRODUCTS_DIR; };
		6ECC3E871936CB16002BFEED /* Foundation.framework */ = {isa = PBXFileReference; lastKnownFileType = wrapper.framework; name = Foundation.framework; path = System/Library/Frameworks/Foundation.framework; sourceTree = SDKROOT; };
		6ECC3E891936CB16002BFEED /* CoreGraphics.framework */ = {isa = PBXFileReference; lastKnownFileType = wrapper.framework; name = CoreGraphics.framework; path = System/Library/Frameworks/CoreGraphics.framework; sourceTree = SDKROOT; };
		6ECC3E8B1936CB16002BFEED /* UIKit.framework */ = {isa = PBXFileReference; lastKnownFileType = wrapper.framework; name = UIKit.framework; path = System/Library/Frameworks/UIKit.framework; sourceTree = SDKROOT; };
		6ECC3E8F1936CB16002BFEED /* SampleProject-Info.plist */ = {isa = PBXFileReference; lastKnownFileType = text.plist.xml; path = "SampleProject-Info.plist"; sourceTree = "<group>"; };
		6ECC3E911936CB16002BFEED /* en */ = {isa = PBXFileReference; lastKnownFileType = text.plist.strings; name = en; path = en.lproj/InfoPlist.strings; sourceTree = "<group>"; };
		6ECC3E931936CB16002BFEED /* main.m */ = {isa = PBXFileReference; lastKnownFileType = sourcecode.c.objc; path = main.m; sourceTree = "<group>"; };
		6ECC3E951936CB16002BFEED /* SampleProject-Prefix.pch */ = {isa = PBXFileReference; lastKnownFileType = sourcecode.c.h; path = "SampleProject-Prefix.pch"; sourceTree = "<group>"; };
		6ECC3E961936CB16002BFEED /* KSPAppDelegate.h */ = {isa = PBXFileReference; lastKnownFileType = sourcecode.c.h; path = KSPAppDelegate.h; sourceTree = "<group>"; };
		6ECC3E971936CB16002BFEED /* KSPAppDelegate.m */ = {isa = PBXFileReference; lastKnownFileType = sourcecode.c.objc; path = KSPAppDelegate.m; sourceTree = "<group>"; };
		6ECC3E9A1936CB16002BFEED /* Base */ = {isa = PBXFileReference; lastKnownFileType = file.storyboard; name = Base; path = Base.lproj/Main.storyboard; sourceTree = "<group>"; };
		6ECC3E9F1936CB16002BFEED /* Images.xcassets */ = {isa = PBXFileReference; lastKnownFileType = folder.assetcatalog; path = Images.xcassets; sourceTree = "<group>"; };
		6ECC3EA51936CB16002BFEED /* SampleProjectTests.xctest */ = {isa = PBXFileReference; explicitFileType = wrapper.cfbundle; includeInIndex = 0; path = SampleProjectTests.xctest; sourceTree = BUILT_PRODUCTS_DIR; };
		6ECC3EA61936CB16002BFEED /* XCTest.framework */ = {isa = PBXFileReference; lastKnownFileType = wrapper.framework; name = XCTest.framework; path = Library/Frameworks/XCTest.framework; sourceTree = DEVELOPER_DIR; };
		6ECC3EAE1936CB16002BFEED /* SampleProjectTests-Info.plist */ = {isa = PBXFileReference; lastKnownFileType = text.plist.xml; path = "SampleProjectTests-Info.plist"; sourceTree = "<group>"; };
		6ECC3EB01936CB16002BFEED /* en */ = {isa = PBXFileReference; lastKnownFileType = text.plist.strings; name = en; path = en.lproj/InfoPlist.strings; sourceTree = "<group>"; };
		6ECC3EB21936CB16002BFEED /* SampleProjectTests.m */ = {isa = PBXFileReference; lastKnownFileType = sourcecode.c.objc; path = SampleProjectTests.m; sourceTree = "<group>"; };
		6ECC3EBC1936CB54002BFEED /* KSPTableViewController.h */ = {isa = PBXFileReference; fileEncoding = 4; lastKnownFileType = sourcecode.c.h; path = KSPTableViewController.h; sourceTree = "<group>"; };
		6ECC3EBD1936CB54002BFEED /* KSPTableViewController.m */ = {isa = PBXFileReference; fileEncoding = 4; lastKnownFileType = sourcecode.c.objc; path = KSPTableViewController.m; sourceTree = "<group>"; };
		6ECC3EBF1936CBB9002BFEED /* KSPHeaderView.xib */ = {isa = PBXFileReference; fileEncoding = 4; lastKnownFileType = file.xib; path = KSPHeaderView.xib; sourceTree = "<group>"; };
		6ECC3EC11936CC4D002BFEED /* deploygate_logo.png */ = {isa = PBXFileReference; lastKnownFileType = image.png; path = deploygate_logo.png; sourceTree = "<group>"; };
/* End PBXFileReference section */

/* Begin PBXFrameworksBuildPhase section */
		6ECC3E811936CB16002BFEED /* Frameworks */ = {
			isa = PBXFrameworksBuildPhase;
			buildActionMask = 2147483647;
			files = (
				6ECC3E8A1936CB16002BFEED /* CoreGraphics.framework in Frameworks */,
				6ECC3E8C1936CB16002BFEED /* UIKit.framework in Frameworks */,
				6ECC3E881936CB16002BFEED /* Foundation.framework in Frameworks */,
				43B4A88EF6E143EE870D4248 /* libPods-SampleProject.a in Frameworks */,
			);
			runOnlyForDeploymentPostprocessing = 0;
		};
		6ECC3EA21936CB16002BFEED /* Frameworks */ = {
			isa = PBXFrameworksBuildPhase;
			buildActionMask = 2147483647;
			files = (
				6ECC3EA71936CB16002BFEED /* XCTest.framework in Frameworks */,
				6ECC3EA91936CB16002BFEED /* UIKit.framework in Frameworks */,
				6ECC3EA81936CB16002BFEED /* Foundation.framework in Frameworks */,
			);
			runOnlyForDeploymentPostprocessing = 0;
		};
/* End PBXFrameworksBuildPhase section */

/* Begin PBXGroup section */
		6ECC3E7B1936CB16002BFEED = {
			isa = PBXGroup;
			children = (
				6ECC3E8D1936CB16002BFEED /* SampleProject */,
				6ECC3EAC1936CB16002BFEED /* SampleProjectTests */,
				6ECC3E861936CB16002BFEED /* Frameworks */,
				6ECC3E851936CB16002BFEED /* Products */,
				5F085D7963694E589C18F468 /* Pods-SampleProject.xcconfig */,
			);
			sourceTree = "<group>";
		};
		6ECC3E851936CB16002BFEED /* Products */ = {
			isa = PBXGroup;
			children = (
				6ECC3E841936CB16002BFEED /* SampleProject.app */,
				6ECC3EA51936CB16002BFEED /* SampleProjectTests.xctest */,
			);
			name = Products;
			sourceTree = "<group>";
		};
		6ECC3E861936CB16002BFEED /* Frameworks */ = {
			isa = PBXGroup;
			children = (
				6ECC3E871936CB16002BFEED /* Foundation.framework */,
				6ECC3E891936CB16002BFEED /* CoreGraphics.framework */,
				6ECC3E8B1936CB16002BFEED /* UIKit.framework */,
				6ECC3EA61936CB16002BFEED /* XCTest.framework */,
				3CF682E47ABC41A4A397C7A4 /* libPods-SampleProject.a */,
			);
			name = Frameworks;
			sourceTree = "<group>";
		};
		6ECC3E8D1936CB16002BFEED /* SampleProject */ = {
			isa = PBXGroup;
			children = (
				6ECC3E961936CB16002BFEED /* KSPAppDelegate.h */,
				6ECC3E971936CB16002BFEED /* KSPAppDelegate.m */,
				6ECC3E991936CB16002BFEED /* Main.storyboard */,
				6ECC3EBC1936CB54002BFEED /* KSPTableViewController.h */,
				6ECC3EBD1936CB54002BFEED /* KSPTableViewController.m */,
				6ECC3EBF1936CBB9002BFEED /* KSPHeaderView.xib */,
				6ECC3EC11936CC4D002BFEED /* deploygate_logo.png */,
				6ECC3E9F1936CB16002BFEED /* Images.xcassets */,
				6ECC3E8E1936CB16002BFEED /* Supporting Files */,
			);
			path = SampleProject;
			sourceTree = "<group>";
		};
		6ECC3E8E1936CB16002BFEED /* Supporting Files */ = {
			isa = PBXGroup;
			children = (
				6ECC3E8F1936CB16002BFEED /* SampleProject-Info.plist */,
				6ECC3E901936CB16002BFEED /* InfoPlist.strings */,
				6ECC3E931936CB16002BFEED /* main.m */,
				6ECC3E951936CB16002BFEED /* SampleProject-Prefix.pch */,
			);
			name = "Supporting Files";
			sourceTree = "<group>";
		};
		6ECC3EAC1936CB16002BFEED /* SampleProjectTests */ = {
			isa = PBXGroup;
			children = (
				6ECC3EB21936CB16002BFEED /* SampleProjectTests.m */,
				6ECC3EAD1936CB16002BFEED /* Supporting Files */,
			);
			path = SampleProjectTests;
			sourceTree = "<group>";
		};
		6ECC3EAD1936CB16002BFEED /* Supporting Files */ = {
			isa = PBXGroup;
			children = (
				6ECC3EAE1936CB16002BFEED /* SampleProjectTests-Info.plist */,
				6ECC3EAF1936CB16002BFEED /* InfoPlist.strings */,
			);
			name = "Supporting Files";
			sourceTree = "<group>";
		};
/* End PBXGroup section */

/* Begin PBXNativeTarget section */
		6ECC3E831936CB16002BFEED /* SampleProject */ = {
			isa = PBXNativeTarget;
			buildConfigurationList = 6ECC3EB61936CB16002BFEED /* Build configuration list for PBXNativeTarget "SampleProject" */;
			buildPhases = (
				B397E647694047D1805C638D /* Check Pods Manifest.lock */,
				6ECC3E801936CB16002BFEED /* Sources */,
				6ECC3E811936CB16002BFEED /* Frameworks */,
				6ECC3E821936CB16002BFEED /* Resources */,
				58DED4BE678842F3896755AC /* Copy Pods Resources */,
			);
			buildRules = (
			);
			dependencies = (
			);
			name = SampleProject;
			productName = SampleProject;
			productReference = 6ECC3E841936CB16002BFEED /* SampleProject.app */;
			productType = "com.apple.product-type.application";
		};
		6ECC3EA41936CB16002BFEED /* SampleProjectTests */ = {
			isa = PBXNativeTarget;
			buildConfigurationList = 6ECC3EB91936CB16002BFEED /* Build configuration list for PBXNativeTarget "SampleProjectTests" */;
			buildPhases = (
				6ECC3EA11936CB16002BFEED /* Sources */,
				6ECC3EA21936CB16002BFEED /* Frameworks */,
				6ECC3EA31936CB16002BFEED /* Resources */,
			);
			buildRules = (
			);
			dependencies = (
				6ECC3EAB1936CB16002BFEED /* PBXTargetDependency */,
			);
			name = SampleProjectTests;
			productName = SampleProjectTests;
			productReference = 6ECC3EA51936CB16002BFEED /* SampleProjectTests.xctest */;
			productType = "com.apple.product-type.bundle.unit-test";
		};
/* End PBXNativeTarget section */

/* Begin PBXProject section */
		6ECC3E7C1936CB16002BFEED /* Project object */ = {
			isa = PBXProject;
			attributes = {
				CLASSPREFIX = KSP;
				LastUpgradeCheck = 0510;
				ORGANIZATIONNAME = "Kazuhiro Hayashi";
				TargetAttributes = {
					6ECC3EA41936CB16002BFEED = {
						TestTargetID = 6ECC3E831936CB16002BFEED;
					};
				};
			};
			buildConfigurationList = 6ECC3E7F1936CB16002BFEED /* Build configuration list for PBXProject "SampleProject" */;
			compatibilityVersion = "Xcode 3.2";
			developmentRegion = English;
			hasScannedForEncodings = 0;
			knownRegions = (
				en,
				Base,
			);
			mainGroup = 6ECC3E7B1936CB16002BFEED;
			productRefGroup = 6ECC3E851936CB16002BFEED /* Products */;
			projectDirPath = "";
			projectRoot = "";
			targets = (
				6ECC3E831936CB16002BFEED /* SampleProject */,
				6ECC3EA41936CB16002BFEED /* SampleProjectTests */,
			);
		};
/* End PBXProject section */

/* Begin PBXResourcesBuildPhase section */
		6ECC3E821936CB16002BFEED /* Resources */ = {
			isa = PBXResourcesBuildPhase;
			buildActionMask = 2147483647;
			files = (
				6ECC3EA01936CB16002BFEED /* Images.xcassets in Resources */,
				6ECC3E921936CB16002BFEED /* InfoPlist.strings in Resources */,
				6ECC3EC21936CC4D002BFEED /* deploygate_logo.png in Resources */,
				6ECC3E9B1936CB16002BFEED /* Main.storyboard in Resources */,
				6ECC3EC01936CBB9002BFEED /* KSPHeaderView.xib in Resources */,
			);
			runOnlyForDeploymentPostprocessing = 0;
		};
		6ECC3EA31936CB16002BFEED /* Resources */ = {
			isa = PBXResourcesBuildPhase;
			buildActionMask = 2147483647;
			files = (
				6ECC3EB11936CB16002BFEED /* InfoPlist.strings in Resources */,
			);
			runOnlyForDeploymentPostprocessing = 0;
		};
/* End PBXResourcesBuildPhase section */

/* Begin PBXShellScriptBuildPhase section */
		58DED4BE678842F3896755AC /* Copy Pods Resources */ = {
			isa = PBXShellScriptBuildPhase;
			buildActionMask = 2147483647;
			files = (
			);
			inputPaths = (
			);
			name = "Copy Pods Resources";
			outputPaths = (
			);
			runOnlyForDeploymentPostprocessing = 0;
			shellPath = /bin/sh;
			shellScript = "\"${SRCROOT}/Pods/Pods-SampleProject-resources.sh\"\n";
			showEnvVarsInLog = 0;
		};
		B397E647694047D1805C638D /* Check Pods Manifest.lock */ = {
			isa = PBXShellScriptBuildPhase;
			buildActionMask = 2147483647;
			files = (
			);
			inputPaths = (
			);
			name = "Check Pods Manifest.lock";
			outputPaths = (
			);
			runOnlyForDeploymentPostprocessing = 0;
			shellPath = /bin/sh;
			shellScript = "diff \"${PODS_ROOT}/../Podfile.lock\" \"${PODS_ROOT}/Manifest.lock\" > /dev/null\nif [[ $? != 0 ]] ; then\n    cat << EOM\nerror: The sandbox is not in sync with the Podfile.lock. Run 'pod install' or update your CocoaPods installation.\nEOM\n    exit 1\nfi\n";
			showEnvVarsInLog = 0;
		};
/* End PBXShellScriptBuildPhase section */

/* Begin PBXSourcesBuildPhase section */
		6ECC3E801936CB16002BFEED /* Sources */ = {
			isa = PBXSourcesBuildPhase;
			buildActionMask = 2147483647;
			files = (
				6ECC3EBE1936CB54002BFEED /* KSPTableViewController.m in Sources */,
				6ECC3E941936CB16002BFEED /* main.m in Sources */,
				6ECC3E981936CB16002BFEED /* KSPAppDelegate.m in Sources */,
			);
			runOnlyForDeploymentPostprocessing = 0;
		};
		6ECC3EA11936CB16002BFEED /* Sources */ = {
			isa = PBXSourcesBuildPhase;
			buildActionMask = 2147483647;
			files = (
				6ECC3EB31936CB16002BFEED /* SampleProjectTests.m in Sources */,
			);
			runOnlyForDeploymentPostprocessing = 0;
		};
/* End PBXSourcesBuildPhase section */

/* Begin PBXTargetDependency section */
		6ECC3EAB1936CB16002BFEED /* PBXTargetDependency */ = {
			isa = PBXTargetDependency;
			target = 6ECC3E831936CB16002BFEED /* SampleProject */;
			targetProxy = 6ECC3EAA1936CB16002BFEED /* PBXContainerItemProxy */;
		};
/* End PBXTargetDependency section */

/* Begin PBXVariantGroup section */
		6ECC3E901936CB16002BFEED /* InfoPlist.strings */ = {
			isa = PBXVariantGroup;
			children = (
				6ECC3E911936CB16002BFEED /* en */,
			);
			name = InfoPlist.strings;
			sourceTree = "<group>";
		};
		6ECC3E991936CB16002BFEED /* Main.storyboard */ = {
			isa = PBXVariantGroup;
			children = (
				6ECC3E9A1936CB16002BFEED /* Base */,
			);
			name = Main.storyboard;
			sourceTree = "<group>";
		};
		6ECC3EAF1936CB16002BFEED /* InfoPlist.strings */ = {
			isa = PBXVariantGroup;
			children = (
				6ECC3EB01936CB16002BFEED /* en */,
			);
			name = InfoPlist.strings;
			sourceTree = "<group>";
		};
/* End PBXVariantGroup section */

/* Begin XCBuildConfiguration section */
		6ECC3EB41936CB16002BFEED /* Debug */ = {
			isa = XCBuildConfiguration;
			buildSettings = {
				ALWAYS_SEARCH_USER_PATHS = NO;
				CLANG_CXX_LANGUAGE_STANDARD = "gnu++0x";
				CLANG_CXX_LIBRARY = "libc++";
				CLANG_ENABLE_MODULES = YES;
				CLANG_ENABLE_OBJC_ARC = YES;
				CLANG_WARN_BOOL_CONVERSION = YES;
				CLANG_WARN_CONSTANT_CONVERSION = YES;
				CLANG_WARN_DIRECT_OBJC_ISA_USAGE = YES_ERROR;
				CLANG_WARN_EMPTY_BODY = YES;
				CLANG_WARN_ENUM_CONVERSION = YES;
				CLANG_WARN_INT_CONVERSION = YES;
				CLANG_WARN_OBJC_ROOT_CLASS = YES_ERROR;
				CLANG_WARN__DUPLICATE_METHOD_MATCH = YES;
				"CODE_SIGN_IDENTITY[sdk=iphoneos*]" = "iPhone Developer";
				COPY_PHASE_STRIP = NO;
				GCC_C_LANGUAGE_STANDARD = gnu99;
				GCC_DYNAMIC_NO_PIC = NO;
				GCC_OPTIMIZATION_LEVEL = 0;
				GCC_PREPROCESSOR_DEFINITIONS = (
					"DEBUG=1",
					"$(inherited)",
				);
				GCC_SYMBOLS_PRIVATE_EXTERN = NO;
				GCC_WARN_64_TO_32_BIT_CONVERSION = YES;
				GCC_WARN_ABOUT_RETURN_TYPE = YES_ERROR;
				GCC_WARN_UNDECLARED_SELECTOR = YES;
				GCC_WARN_UNINITIALIZED_AUTOS = YES_AGGRESSIVE;
				GCC_WARN_UNUSED_FUNCTION = YES;
				GCC_WARN_UNUSED_VARIABLE = YES;
				IPHONEOS_DEPLOYMENT_TARGET = 7.1;
				ONLY_ACTIVE_ARCH = YES;
				SDKROOT = iphoneos;
			};
			name = Debug;
		};
		6ECC3EB51936CB16002BFEED /* Release */ = {
			isa = XCBuildConfiguration;
			buildSettings = {
				ALWAYS_SEARCH_USER_PATHS = NO;
				CLANG_CXX_LANGUAGE_STANDARD = "gnu++0x";
				CLANG_CXX_LIBRARY = "libc++";
				CLANG_ENABLE_MODULES = YES;
				CLANG_ENABLE_OBJC_ARC = YES;
				CLANG_WARN_BOOL_CONVERSION = YES;
				CLANG_WARN_CONSTANT_CONVERSION = YES;
				CLANG_WARN_DIRECT_OBJC_ISA_USAGE = YES_ERROR;
				CLANG_WARN_EMPTY_BODY = YES;
				CLANG_WARN_ENUM_CONVERSION = YES;
				CLANG_WARN_INT_CONVERSION = YES;
				CLANG_WARN_OBJC_ROOT_CLASS = YES_ERROR;
				CLANG_WARN__DUPLICATE_METHOD_MATCH = YES;
				"CODE_SIGN_IDENTITY[sdk=iphoneos*]" = "iPhone Developer";
				COPY_PHASE_STRIP = YES;
				ENABLE_NS_ASSERTIONS = NO;
				GCC_C_LANGUAGE_STANDARD = gnu99;
				GCC_WARN_64_TO_32_BIT_CONVERSION = YES;
				GCC_WARN_ABOUT_RETURN_TYPE = YES_ERROR;
				GCC_WARN_UNDECLARED_SELECTOR = YES;
				GCC_WARN_UNINITIALIZED_AUTOS = YES_AGGRESSIVE;
				GCC_WARN_UNUSED_FUNCTION = YES;
				GCC_WARN_UNUSED_VARIABLE = YES;
				IPHONEOS_DEPLOYMENT_TARGET = 7.1;
				SDKROOT = iphoneos;
				VALIDATE_PRODUCT = YES;
			};
			name = Release;
		};
		6ECC3EB71936CB16002BFEED /* Debug */ = {
			isa = XCBuildConfiguration;
			baseConfigurationReference = 5F085D7963694E589C18F468 /* Pods-SampleProject.xcconfig */;
			buildSettings = {
				ASSETCATALOG_COMPILER_APPICON_NAME = AppIcon;
				ASSETCATALOG_COMPILER_LAUNCHIMAGE_NAME = LaunchImage;
				CODE_SIGN_IDENTITY = "iPhone Distribution";
				GCC_PRECOMPILE_PREFIX_HEADER = YES;
				GCC_PREFIX_HEADER = "SampleProject/SampleProject-Prefix.pch";
				INFOPLIST_FILE = "SampleProject/SampleProject-Info.plist";
				PRODUCT_NAME = "$(TARGET_NAME)";
				WRAPPER_EXTENSION = app;
			};
			name = Debug;
		};
		6ECC3EB81936CB16002BFEED /* Release */ = {
			isa = XCBuildConfiguration;
			baseConfigurationReference = 5F085D7963694E589C18F468 /* Pods-SampleProject.xcconfig */;
			buildSettings = {
				ASSETCATALOG_COMPILER_APPICON_NAME = AppIcon;
				ASSETCATALOG_COMPILER_LAUNCHIMAGE_NAME = LaunchImage;
				CODE_SIGN_IDENTITY = "iPhone Distribution";
				GCC_PRECOMPILE_PREFIX_HEADER = YES;
				GCC_PREFIX_HEADER = "SampleProject/SampleProject-Prefix.pch";
				INFOPLIST_FILE = "SampleProject/SampleProject-Info.plist";
				PRODUCT_NAME = "$(TARGET_NAME)";
				WRAPPER_EXTENSION = app;
			};
			name = Release;
		};
		6ECC3EBA1936CB16002BFEED /* Debug */ = {
			isa = XCBuildConfiguration;
			buildSettings = {
				BUNDLE_LOADER = "$(BUILT_PRODUCTS_DIR)/SampleProject.app/SampleProject";
				FRAMEWORK_SEARCH_PATHS = (
					"$(SDKROOT)/Developer/Library/Frameworks",
					"$(inherited)",
					"$(DEVELOPER_FRAMEWORKS_DIR)",
				);
				GCC_PRECOMPILE_PREFIX_HEADER = YES;
				GCC_PREFIX_HEADER = "SampleProject/SampleProject-Prefix.pch";
				GCC_PREPROCESSOR_DEFINITIONS = (
					"DEBUG=1",
					"$(inherited)",
				);
				INFOPLIST_FILE = "SampleProjectTests/SampleProjectTests-Info.plist";
				PRODUCT_NAME = "$(TARGET_NAME)";
				TEST_HOST = "$(BUNDLE_LOADER)";
				WRAPPER_EXTENSION = xctest;
			};
			name = Debug;
		};
		6ECC3EBB1936CB16002BFEED /* Release */ = {
			isa = XCBuildConfiguration;
			buildSettings = {
				BUNDLE_LOADER = "$(BUILT_PRODUCTS_DIR)/SampleProject.app/SampleProject";
				FRAMEWORK_SEARCH_PATHS = (
					"$(SDKROOT)/Developer/Library/Frameworks",
					"$(inherited)",
					"$(DEVELOPER_FRAMEWORKS_DIR)",
				);
				GCC_PRECOMPILE_PREFIX_HEADER = YES;
				GCC_PREFIX_HEADER = "SampleProject/SampleProject-Prefix.pch";
				INFOPLIST_FILE = "SampleProjectTests/SampleProjectTests-Info.plist";
				PRODUCT_NAME = "$(TARGET_NAME)";
				TEST_HOST = "$(BUNDLE_LOADER)";
				WRAPPER_EXTENSION = xctest;
			};
			name = Release;
		};
/* End XCBuildConfiguration section */

/* Begin XCConfigurationList section */
		6ECC3E7F1936CB16002BFEED /* Build configuration list for PBXProject "SampleProject" */ = {
			isa = XCConfigurationList;
			buildConfigurations = (
				6ECC3EB41936CB16002BFEED /* Debug */,
				6ECC3EB51936CB16002BFEED /* Release */,
			);
			defaultConfigurationIsVisible = 0;
			defaultConfigurationName = Release;
		};
		6ECC3EB61936CB16002BFEED /* Build configuration list for PBXNativeTarget "SampleProject" */ = {
			isa = XCConfigurationList;
			buildConfigurations = (
				6ECC3EB71936CB16002BFEED /* Debug */,
				6ECC3EB81936CB16002BFEED /* Release */,
			);
			defaultConfigurationIsVisible = 0;
			defaultConfigurationName = Release;
		};
		6ECC3EB91936CB16002BFEED /* Build configuration list for PBXNativeTarget "SampleProjectTests" */ = {
			isa = XCConfigurationList;
			buildConfigurations = (
				6ECC3EBA1936CB16002BFEED /* Debug */,
				6ECC3EBB1936CB16002BFEED /* Release */,
			);
			defaultConfigurationIsVisible = 0;
			defaultConfigurationName = Release;
		};
/* End XCConfigurationList section */
	};
	rootObject = 6ECC3E7C1936CB16002BFEED /* Project object */;
}
